
Microsoft Visual Studio Solution File, Format Version 12.00
# Visual Studio 2012
Project("{FAE04EC0-301F-11D3-BF4B-00C04F79EFBC}") = "JuiceIt.iOS", "JuiceIt.iOS\JuiceIt.iOS.csproj", "{854E29B4-F771-4184-A1D4-81A19658A268}"
EndProject
Project("{FAE04EC0-301F-11D3-BF4B-00C04F79EFBC}") = "JuiceIt.iOS.JuicIt.Watch", "JuiceIt.iOS.JuicIt.Watch\JuiceIt.iOS.JuicIt.Watch.csproj", "{9F230B04-10BB-4591-8393-DDC9E1B2D2D8}"
EndProject
Project("{FAE04EC0-301F-11D3-BF4B-00C04F79EFBC}") = "JuiceIt.iOS.JuicIt.WatchExtension", "JuiceIt.iOS.JuicIt.WatchExtension\JuiceIt.iOS.JuicIt.WatchExtension.csproj", "{CAB8F55E-379E-41E3-97F5-3BAEF47DA459}"
EndProject
Project("{FAE04EC0-301F-11D3-BF4B-00C04F79EFBC}") = "JuiceIt.Shared", "JuiceIt.Shared\JuiceIt.Shared.csproj", "{6CF810C5-E555-4BEE-8E61-56299F83615E}"
EndProject
Project("{FAE04EC0-301F-11D3-BF4B-00C04F79EFBC}") = "JuiceIt.Tests", "JuiceIt.Tests\JuiceIt.Tests.csproj", "{9D26D6B4-5258-42CC-A181-2E6D38477D1E}"
EndProject
Global
	GlobalSection(SolutionConfigurationPlatforms) = preSolution
		Debug|iPhoneSimulator = Debug|iPhoneSimulator
		Release|iPhone = Release|iPhone
		Release|iPhoneSimulator = Release|iPhoneSimulator
		Debug|iPhone = Debug|iPhone
	EndGlobalSection
	GlobalSection(ProjectConfigurationPlatforms) = postSolution
		{854E29B4-F771-4184-A1D4-81A19658A268}.Debug|iPhoneSimulator.ActiveCfg = Debug|iPhoneSimulator
		{854E29B4-F771-4184-A1D4-81A19658A268}.Debug|iPhoneSimulator.Build.0 = Debug|iPhoneSimulator
		{854E29B4-F771-4184-A1D4-81A19658A268}.Release|iPhone.ActiveCfg = Release|iPhone
		{854E29B4-F771-4184-A1D4-81A19658A268}.Release|iPhone.Build.0 = Release|iPhone
		{854E29B4-F771-4184-A1D4-81A19658A268}.Release|iPhoneSimulator.ActiveCfg = Release|iPhoneSimulator
		{854E29B4-F771-4184-A1D4-81A19658A268}.Release|iPhoneSimulator.Build.0 = Release|iPhoneSimulator
		{854E29B4-F771-4184-A1D4-81A19658A268}.Debug|iPhone.ActiveCfg = Debug|iPhone
		{854E29B4-F771-4184-A1D4-81A19658A268}.Debug|iPhone.Build.0 = Debug|iPhone
		{9F230B04-10BB-4591-8393-DDC9E1B2D2D8}.Debug|iPhoneSimulator.ActiveCfg = Debug|iPhoneSimulator
		{9F230B04-10BB-4591-8393-DDC9E1B2D2D8}.Debug|iPhoneSimulator.Build.0 = Debug|iPhoneSimulator
		{9F230B04-10BB-4591-8393-DDC9E1B2D2D8}.Release|iPhone.ActiveCfg = Release|iPhone
		{9F230B04-10BB-4591-8393-DDC9E1B2D2D8}.Release|iPhone.Build.0 = Release|iPhone
		{9F230B04-10BB-4591-8393-DDC9E1B2D2D8}.Release|iPhoneSimulator.ActiveCfg = Release|iPhoneSimulator
		{9F230B04-10BB-4591-8393-DDC9E1B2D2D8}.Release|iPhoneSimulator.Build.0 = Release|iPhoneSimulator
		{9F230B04-10BB-4591-8393-DDC9E1B2D2D8}.Debug|iPhone.ActiveCfg = Debug|iPhone
		{9F230B04-10BB-4591-8393-DDC9E1B2D2D8}.Debug|iPhone.Build.0 = Debug|iPhone
		{CAB8F55E-379E-41E3-97F5-3BAEF47DA459}.Debug|iPhoneSimulator.ActiveCfg = Debug|iPhoneSimulator
		{CAB8F55E-379E-41E3-97F5-3BAEF47DA459}.Debug|iPhoneSimulator.Build.0 = Debug|iPhoneSimulator
		{CAB8F55E-379E-41E3-97F5-3BAEF47DA459}.Release|iPhone.ActiveCfg = Release|iPhone
		{CAB8F55E-379E-41E3-97F5-3BAEF47DA459}.Release|iPhone.Build.0 = Release|iPhone
		{CAB8F55E-379E-41E3-97F5-3BAEF47DA459}.Release|iPhoneSimulator.ActiveCfg = Release|iPhoneSimulator
		{CAB8F55E-379E-41E3-97F5-3BAEF47DA459}.Release|iPhoneSimulator.Build.0 = Release|iPhoneSimulator
		{CAB8F55E-379E-41E3-97F5-3BAEF47DA459}.Debug|iPhone.ActiveCfg = Debug|iPhone
		{CAB8F55E-379E-41E3-97F5-3BAEF47DA459}.Debug|iPhone.Build.0 = Debug|iPhone
		{6CF810C5-E555-4BEE-8E61-56299F83615E}.Debug|iPhoneSimulator.ActiveCfg = Debug|Any CPU
		{6CF810C5-E555-4BEE-8E61-56299F83615E}.Debug|iPhoneSimulator.Build.0 = Debug|Any CPU
		{6CF810C5-E555-4BEE-8E61-56299F83615E}.Release|iPhone.ActiveCfg = Release|Any CPU
		{6CF810C5-E555-4BEE-8E61-56299F83615E}.Release|iPhone.Build.0 = Release|Any CPU
		{6CF810C5-E555-4BEE-8E61-56299F83615E}.Release|iPhoneSimulator.ActiveCfg = Release|Any CPU
		{6CF810C5-E555-4BEE-8E61-56299F83615E}.Release|iPhoneSimulator.Build.0 = Release|Any CPU
		{6CF810C5-E555-4BEE-8E61-56299F83615E}.Debug|iPhone.ActiveCfg = Debug|Any CPU
		{6CF810C5-E555-4BEE-8E61-56299F83615E}.Debug|iPhone.Build.0 = Debug|Any CPU
		{9D26D6B4-5258-42CC-A181-2E6D38477D1E}.Debug|iPhoneSimulator.ActiveCfg = Debug|iPhoneSimulator
		{9D26D6B4-5258-42CC-A181-2E6D38477D1E}.Debug|iPhoneSimulator.Build.0 = Debug|iPhoneSimulator
		{9D26D6B4-5258-42CC-A181-2E6D38477D1E}.Release|iPhone.ActiveCfg = Release|iPhone
		{9D26D6B4-5258-42CC-A181-2E6D38477D1E}.Release|iPhone.Build.0 = Release|iPhone
		{9D26D6B4-5258-42CC-A181-2E6D38477D1E}.Release|iPhoneSimulator.ActiveCfg = Release|iPhoneSimulator
		{9D26D6B4-5258-42CC-A181-2E6D38477D1E}.Release|iPhoneSimulator.Build.0 = Release|iPhoneSimulator
		{9D26D6B4-5258-42CC-A181-2E6D38477D1E}.Debug|iPhone.ActiveCfg = Debug|iPhone
		{9D26D6B4-5258-42CC-A181-2E6D38477D1E}.Debug|iPhone.Build.0 = Debug|iPhone
	EndGlobalSection
EndGlobal
